
Microsoft Visual Studio Solution File, Format Version 12.00
# Visual Studio Version 17
VisualStudioVersion = 17.8.34330.188
MinimumVisualStudioVersion = 10.0.40219.1
Project("{9A19103F-16F7-4668-BE54-9A1E7A4F7556}") = "VShop.ProductApi", "VShop.ProductApi\VShop.ProductApi.csproj", "{8FD28E76-6FF6-4F0A-A6C5-5A62B8A0C6CE}"
EndProject
Project("{9A19103F-16F7-4668-BE54-9A1E7A4F7556}") = "VShop.Web", "VShop.Web\VShop.Web.csproj", "{6B1144B4-F30B-4ABF-BF39-BEE4592F4694}"
EndProject
Project("{2150E333-8FDC-42A3-9474-1A3956D46DE8}") = "Frontend", "Frontend", "{37FAC2CC-5AF7-4A0A-9327-02C4240115CB}"
EndProject
Project("{2150E333-8FDC-42A3-9474-1A3956D46DE8}") = "Backend", "Backend", "{E64274BE-291A-40F5-9FD8-BB0576C6EA3C}"
EndProject
Project("{9A19103F-16F7-4668-BE54-9A1E7A4F7556}") = "VShop.IdentityServer", "VShop.IdentityServer\VShop.IdentityServer.csproj", "{06BA0B03-72A0-4AF2-8DF2-08E93E323925}"
EndProject
Project("{FAE04EC0-301F-11D3-BF4B-00C04F79EFBC}") = "VShop.CartApi", "VShop.CartApi\VShop.CartApi.csproj", "{A04D438E-785C-4B48-8E17-F48DA96D5F67}"
EndProject
Global
	GlobalSection(SolutionConfigurationPlatforms) = preSolution
		Debug|Any CPU = Debug|Any CPU
		Release|Any CPU = Release|Any CPU
	EndGlobalSection
	GlobalSection(ProjectConfigurationPlatforms) = postSolution
		{8FD28E76-6FF6-4F0A-A6C5-5A62B8A0C6CE}.Debug|Any CPU.ActiveCfg = Debug|Any CPU
		{8FD28E76-6FF6-4F0A-A6C5-5A62B8A0C6CE}.Debug|Any CPU.Build.0 = Debug|Any CPU
		{8FD28E76-6FF6-4F0A-A6C5-5A62B8A0C6CE}.Release|Any CPU.ActiveCfg = Release|Any CPU
		{8FD28E76-6FF6-4F0A-A6C5-5A62B8A0C6CE}.Release|Any CPU.Build.0 = Release|Any CPU
		{6B1144B4-F30B-4ABF-BF39-BEE4592F4694}.Debug|Any CPU.ActiveCfg = Debug|Any CPU
		{6B1144B4-F30B-4ABF-BF39-BEE4592F4694}.Debug|Any CPU.Build.0 = Debug|Any CPU
		{6B1144B4-F30B-4ABF-BF39-BEE4592F4694}.Release|Any CPU.ActiveCfg = Release|Any CPU
		{6B1144B4-F30B-4ABF-BF39-BEE4592F4694}.Release|Any CPU.Build.0 = Release|Any CPU
		{06BA0B03-72A0-4AF2-8DF2-08E93E323925}.Debug|Any CPU.ActiveCfg = Debug|Any CPU
		{06BA0B03-72A0-4AF2-8DF2-08E93E323925}.Debug|Any CPU.Build.0 = Debug|Any CPU
		{06BA0B03-72A0-4AF2-8DF2-08E93E323925}.Release|Any CPU.ActiveCfg = Release|Any CPU
		{06BA0B03-72A0-4AF2-8DF2-08E93E323925}.Release|Any CPU.Build.0 = Release|Any CPU
		{A04D438E-785C-4B48-8E17-F48DA96D5F67}.Debug|Any CPU.ActiveCfg = Debug|Any CPU
		{A04D438E-785C-4B48-8E17-F48DA96D5F67}.Debug|Any CPU.Build.0 = Debug|Any CPU
		{A04D438E-785C-4B48-8E17-F48DA96D5F67}.Release|Any CPU.ActiveCfg = Release|Any CPU
		{A04D438E-785C-4B48-8E17-F48DA96D5F67}.Release|Any CPU.Build.0 = Release|Any CPU
	EndGlobalSection
	GlobalSection(SolutionProperties) = preSolution
		HideSolutionNode = FALSE
	EndGlobalSection
	GlobalSection(NestedProjects) = preSolution
		{8FD28E76-6FF6-4F0A-A6C5-5A62B8A0C6CE} = {E64274BE-291A-40F5-9FD8-BB0576C6EA3C}
		{6B1144B4-F30B-4ABF-BF39-BEE4592F4694} = {37FAC2CC-5AF7-4A0A-9327-02C4240115CB}
		{06BA0B03-72A0-4AF2-8DF2-08E93E323925} = {E64274BE-291A-40F5-9FD8-BB0576C6EA3C}
		{A04D438E-785C-4B48-8E17-F48DA96D5F67} = {E64274BE-291A-40F5-9FD8-BB0576C6EA3C}
	EndGlobalSection
	GlobalSection(ExtensibilityGlobals) = postSolution
		SolutionGuid = {5380EFCC-A093-4F9D-AA1C-247F519E40DE}
	EndGlobalSection
EndGlobal
